
Microsoft Visual Studio Solution File, Format Version 12.00
# Visual Studio 14
VisualStudioVersion = 14.0.24720.0
MinimumVisualStudioVersion = 10.0.40219.1
Project("{FAE04EC0-301F-11D3-BF4B-00C04F79EFBC}") = "4)NullChecks", "4)NullChecks\4)NullChecks.csproj", "{9F60C64D-A959-4DE2-B706-777DC5A75048}"
EndProject
Global
	GlobalSection(SolutionConfigurationPlatforms) = preSolution
		Debug|Any CPU = Debug|Any CPU
		Release|Any CPU = Release|Any CPU
	EndGlobalSection
	GlobalSection(ProjectConfigurationPlatforms) = postSolution
		{9F60C64D-A959-4DE2-B706-777DC5A75048}.Debug|Any CPU.ActiveCfg = Debug|Any CPU
		{9F60C64D-A959-4DE2-B706-777DC5A75048}.Debug|Any CPU.Build.0 = Debug|Any CPU
		{9F60C64D-A959-4DE2-B706-777DC5A75048}.Release|Any CPU.ActiveCfg = Release|Any CPU
		{9F60C64D-A959-4DE2-B706-777DC5A75048}.Release|Any CPU.Build.0 = Release|Any CPU
	EndGlobalSection
	GlobalSection(SolutionProperties) = preSolution
		HideSolutionNode = FALSE
	EndGlobalSection
EndGlobal
